
Microsoft Visual Studio Solution File, Format Version 12.00
# Visual Studio Version 16
VisualStudioVersion = 16.0.30517.126
MinimumVisualStudioVersion = 10.0.40219.1
Project("{FAE04EC0-301F-11D3-BF4B-00C04F79EFBC}") = "Persistence", "Persistence\Persistence.csproj", "{535113C2-E301-491F-914C-9B4337A857B2}"
EndProject
Global
	GlobalSection(SolutionConfigurationPlatforms) = preSolution
		Debug|Any CPU = Debug|Any CPU
		Release|Any CPU = Release|Any CPU
	EndGlobalSection
	GlobalSection(ProjectConfigurationPlatforms) = postSolution
		{535113C2-E301-491F-914C-9B4337A857B2}.Debug|Any CPU.ActiveCfg = Debug|Any CPU
		{535113C2-E301-491F-914C-9B4337A857B2}.Debug|Any CPU.Build.0 = Debug|Any CPU
		{535113C2-E301-491F-914C-9B4337A857B2}.Release|Any CPU.ActiveCfg = Release|Any CPU
		{535113C2-E301-491F-914C-9B4337A857B2}.Release|Any CPU.Build.0 = Release|Any CPU
	EndGlobalSection
	GlobalSection(SolutionProperties) = preSolution
		HideSolutionNode = FALSE
	EndGlobalSection
	GlobalSection(ExtensibilityGlobals) = postSolution
		SolutionGuid = {6B75B9C2-ADE2-40A0-BFF3-122E453131FC}
	EndGlobalSection
EndGlobal
